
Microsoft Visual Studio Solution File, Format Version 12.00
# Visual Studio Version 17
VisualStudioVersion = 17.0.31912.275
MinimumVisualStudioVersion = 10.0.40219.1
Project("{FAE04EC0-301F-11D3-BF4B-00C04F79EFBC}") = "UserRegistrationException", "UserRegistrationException\UserRegistrationException.csproj", "{D2324BED-25DA-4995-9E7B-DE063AE74264}"
EndProject
Project("{FAE04EC0-301F-11D3-BF4B-00C04F79EFBC}") = "TestProject", "TestProject\TestProject.csproj", "{91B8B627-B471-460A-8A76-F81715F3CCE5}"
EndProject
Global
	GlobalSection(SolutionConfigurationPlatforms) = preSolution
		Debug|Any CPU = Debug|Any CPU
		Release|Any CPU = Release|Any CPU
	EndGlobalSection
	GlobalSection(ProjectConfigurationPlatforms) = postSolution
		{D2324BED-25DA-4995-9E7B-DE063AE74264}.Debug|Any CPU.ActiveCfg = Debug|Any CPU
		{D2324BED-25DA-4995-9E7B-DE063AE74264}.Debug|Any CPU.Build.0 = Debug|Any CPU
		{D2324BED-25DA-4995-9E7B-DE063AE74264}.Release|Any CPU.ActiveCfg = Release|Any CPU
		{D2324BED-25DA-4995-9E7B-DE063AE74264}.Release|Any CPU.Build.0 = Release|Any CPU
		{91B8B627-B471-460A-8A76-F81715F3CCE5}.Debug|Any CPU.ActiveCfg = Debug|Any CPU
		{91B8B627-B471-460A-8A76-F81715F3CCE5}.Debug|Any CPU.Build.0 = Debug|Any CPU
		{91B8B627-B471-460A-8A76-F81715F3CCE5}.Release|Any CPU.ActiveCfg = Release|Any CPU
		{91B8B627-B471-460A-8A76-F81715F3CCE5}.Release|Any CPU.Build.0 = Release|Any CPU
	EndGlobalSection
	GlobalSection(SolutionProperties) = preSolution
		HideSolutionNode = FALSE
	EndGlobalSection
	GlobalSection(ExtensibilityGlobals) = postSolution
		SolutionGuid = {8FD80B8F-AED7-4EDF-B874-86C65F2CB1A5}
	EndGlobalSection
EndGlobal
